
Microsoft Visual Studio Solution File, Format Version 12.00
# Visual Studio Version 16
VisualStudioVersion = 16.0.31402.337
MinimumVisualStudioVersion = 10.0.40219.1
Project("{FAE04EC0-301F-11D3-BF4B-00C04F79EFBC}") = "Avanade.SubTCSE.Projeto.Api", "Avanade.SubTCSE.Projeto.Api\Avanade.SubTCSE.Projeto.Api.csproj", "{44EDAB2A-CD7C-4D29-8C39-C8EBBAFCDE39}"
EndProject
Global
	GlobalSection(SolutionConfigurationPlatforms) = preSolution
		Debug|Any CPU = Debug|Any CPU
		Release|Any CPU = Release|Any CPU
	EndGlobalSection
	GlobalSection(ProjectConfigurationPlatforms) = postSolution
		{44EDAB2A-CD7C-4D29-8C39-C8EBBAFCDE39}.Debug|Any CPU.ActiveCfg = Debug|Any CPU
		{44EDAB2A-CD7C-4D29-8C39-C8EBBAFCDE39}.Debug|Any CPU.Build.0 = Debug|Any CPU
		{44EDAB2A-CD7C-4D29-8C39-C8EBBAFCDE39}.Release|Any CPU.ActiveCfg = Release|Any CPU
		{44EDAB2A-CD7C-4D29-8C39-C8EBBAFCDE39}.Release|Any CPU.Build.0 = Release|Any CPU
	EndGlobalSection
	GlobalSection(SolutionProperties) = preSolution
		HideSolutionNode = FALSE
	EndGlobalSection
	GlobalSection(ExtensibilityGlobals) = postSolution
		SolutionGuid = {67737256-45FC-4EF0-B4B4-0824FCD7CDC3}
	EndGlobalSection
EndGlobal
